// !$*UTF8*$!
{
	archiveVersion = 1;
	classes = {
	};
	objectVersion = 55;
	objects = {

/* Begin PBXBuildFile section */
		84BD5E3228A9ED1500517001 /* Expense_TrackerApp.swift in Sources */ = {isa = PBXBuildFile; fileRef = 84BD5E3128A9ED1500517001 /* Expense_TrackerApp.swift */; };
		84BD5E3428A9ED1500517001 /* ContentView.swift in Sources */ = {isa = PBXBuildFile; fileRef = 84BD5E3328A9ED1500517001 /* ContentView.swift */; };
		84BD5E3628A9ED1600517001 /* Assets.xcassets in Resources */ = {isa = PBXBuildFile; fileRef = 84BD5E3528A9ED1600517001 /* Assets.xcassets */; };
		84BD5E3928A9ED1600517001 /* Preview Assets.xcassets in Resources */ = {isa = PBXBuildFile; fileRef = 84BD5E3828A9ED1600517001 /* Preview Assets.xcassets */; };
		84BD5E4328A9ED1600517001 /* Expense_TrackerTests.swift in Sources */ = {isa = PBXBuildFile; fileRef = 84BD5E4228A9ED1600517001 /* Expense_TrackerTests.swift */; };
		84BD5E4D28A9ED1600517001 /* Expense_TrackerUITests.swift in Sources */ = {isa = PBXBuildFile; fileRef = 84BD5E4C28A9ED1600517001 /* Expense_TrackerUITests.swift */; };
		84BD5E4F28A9ED1600517001 /* Expense_TrackerUITestsLaunchTests.swift in Sources */ = {isa = PBXBuildFile; fileRef = 84BD5E4E28A9ED1600517001 /* Expense_TrackerUITestsLaunchTests.swift */; };
		84BD5E5C28A9EF0E00517001 /* Extension.swift in Sources */ = {isa = PBXBuildFile; fileRef = 84BD5E5B28A9EF0E00517001 /* Extension.swift */; };
		84BD5E5E28A9F19900517001 /* TransactionModel.swift in Sources */ = {isa = PBXBuildFile; fileRef = 84BD5E5D28A9F19900517001 /* TransactionModel.swift */; };
		84BD5E6028A9F36700517001 /* PreviewData.swift in Sources */ = {isa = PBXBuildFile; fileRef = 84BD5E5F28A9F36700517001 /* PreviewData.swift */; };
		84BD5E6228A9F4D400517001 /* TransactionRow.swift in Sources */ = {isa = PBXBuildFile; fileRef = 84BD5E6128A9F4D400517001 /* TransactionRow.swift */; };
		84BD5E6528A9FE7600517001 /* SwiftUIFontIcon in Frameworks */ = {isa = PBXBuildFile; productRef = 84BD5E6428A9FE7600517001 /* SwiftUIFontIcon */; };
		84BD5E6728A9FF1E00517001 /* TransactionListViewModel.swift in Sources */ = {isa = PBXBuildFile; fileRef = 84BD5E6628A9FF1E00517001 /* TransactionListViewModel.swift */; };
		84BD5E6928AA038800517001 /* RecentTransactionList .swift in Sources */ = {isa = PBXBuildFile; fileRef = 84BD5E6828AA038800517001 /* RecentTransactionList .swift */; };
		84BD5E6B28AA2F0600517001 /* TransactionList.swift in Sources */ = {isa = PBXBuildFile; fileRef = 84BD5E6A28AA2F0600517001 /* TransactionList.swift */; };
		84BD5E6E28AA33F100517001 /* Collections in Frameworks */ = {isa = PBXBuildFile; productRef = 84BD5E6D28AA33F100517001 /* Collections */; };
		84BD5E7028AA33F100517001 /* OrderedCollections in Frameworks */ = {isa = PBXBuildFile; productRef = 84BD5E6F28AA33F100517001 /* OrderedCollections */; };
		84BD5E7328AA377900517001 /* SwiftUICharts in Frameworks */ = {isa = PBXBuildFile; productRef = 84BD5E7228AA377900517001 /* SwiftUICharts */; };
/* End PBXBuildFile section */

/* Begin PBXContainerItemProxy section */
		84BD5E3F28A9ED1600517001 /* PBXContainerItemProxy */ = {
			isa = PBXContainerItemProxy;
			containerPortal = 84BD5E2628A9ED1500517001 /* Project object */;
			proxyType = 1;
			remoteGlobalIDString = 84BD5E2D28A9ED1500517001;
			remoteInfo = "Expense Tracker";
		};
		84BD5E4928A9ED1600517001 /* PBXContainerItemProxy */ = {
			isa = PBXContainerItemProxy;
			containerPortal = 84BD5E2628A9ED1500517001 /* Project object */;
			proxyType = 1;
			remoteGlobalIDString = 84BD5E2D28A9ED1500517001;
			remoteInfo = "Expense Tracker";
		};
/* End PBXContainerItemProxy section */

/* Begin PBXFileReference section */
		84BD5E2E28A9ED1500517001 /* Expense Tracker.app */ = {isa = PBXFileReference; explicitFileType = wrapper.application; includeInIndex = 0; path = "Expense Tracker.app"; sourceTree = BUILT_PRODUCTS_DIR; };
		84BD5E3128A9ED1500517001 /* Expense_TrackerApp.swift */ = {isa = PBXFileReference; lastKnownFileType = sourcecode.swift; path = Expense_TrackerApp.swift; sourceTree = "<group>"; };
		84BD5E3328A9ED1500517001 /* ContentView.swift */ = {isa = PBXFileReference; lastKnownFileType = sourcecode.swift; path = ContentView.swift; sourceTree = "<group>"; };
		84BD5E3528A9ED1600517001 /* Assets.xcassets */ = {isa = PBXFileReference; lastKnownFileType = folder.assetcatalog; path = Assets.xcassets; sourceTree = "<group>"; };
		84BD5E3828A9ED1600517001 /* Preview Assets.xcassets */ = {isa = PBXFileReference; lastKnownFileType = folder.assetcatalog; path = "Preview Assets.xcassets"; sourceTree = "<group>"; };
		84BD5E3E28A9ED1600517001 /* Expense TrackerTests.xctest */ = {isa = PBXFileReference; explicitFileType = wrapper.cfbundle; includeInIndex = 0; path = "Expense TrackerTests.xctest"; sourceTree = BUILT_PRODUCTS_DIR; };
		84BD5E4228A9ED1600517001 /* Expense_TrackerTests.swift */ = {isa = PBXFileReference; lastKnownFileType = sourcecode.swift; path = Expense_TrackerTests.swift; sourceTree = "<group>"; };
		84BD5E4828A9ED1600517001 /* Expense TrackerUITests.xctest */ = {isa = PBXFileReference; explicitFileType = wrapper.cfbundle; includeInIndex = 0; path = "Expense TrackerUITests.xctest"; sourceTree = BUILT_PRODUCTS_DIR; };
		84BD5E4C28A9ED1600517001 /* Expense_TrackerUITests.swift */ = {isa = PBXFileReference; lastKnownFileType = sourcecode.swift; path = Expense_TrackerUITests.swift; sourceTree = "<group>"; };
		84BD5E4E28A9ED1600517001 /* Expense_TrackerUITestsLaunchTests.swift */ = {isa = PBXFileReference; lastKnownFileType = sourcecode.swift; path = Expense_TrackerUITestsLaunchTests.swift; sourceTree = "<group>"; };
		84BD5E5B28A9EF0E00517001 /* Extension.swift */ = {isa = PBXFileReference; lastKnownFileType = sourcecode.swift; path = Extension.swift; sourceTree = "<group>"; };
		84BD5E5D28A9F19900517001 /* TransactionModel.swift */ = {isa = PBXFileReference; lastKnownFileType = sourcecode.swift; path = TransactionModel.swift; sourceTree = "<group>"; };
		84BD5E5F28A9F36700517001 /* PreviewData.swift */ = {isa = PBXFileReference; lastKnownFileType = sourcecode.swift; path = PreviewData.swift; sourceTree = "<group>"; };
		84BD5E6128A9F4D400517001 /* TransactionRow.swift */ = {isa = PBXFileReference; lastKnownFileType = sourcecode.swift; path = TransactionRow.swift; sourceTree = "<group>"; };
		84BD5E6628A9FF1E00517001 /* TransactionListViewModel.swift */ = {isa = PBXFileReference; lastKnownFileType = sourcecode.swift; path = TransactionListViewModel.swift; sourceTree = "<group>"; };
		84BD5E6828AA038800517001 /* RecentTransactionList .swift */ = {isa = PBXFileReference; lastKnownFileType = sourcecode.swift; path = "RecentTransactionList .swift"; sourceTree = "<group>"; };
		84BD5E6A28AA2F0600517001 /* TransactionList.swift */ = {isa = PBXFileReference; lastKnownFileType = sourcecode.swift; path = TransactionList.swift; sourceTree = "<group>"; };
/* End PBXFileReference section */

/* Begin PBXFrameworksBuildPhase section */
		84BD5E2B28A9ED1500517001 /* Frameworks */ = {
			isa = PBXFrameworksBuildPhase;
			buildActionMask = 2147483647;
			files = (
				84BD5E6E28AA33F100517001 /* Collections in Frameworks */,
				84BD5E7328AA377900517001 /* SwiftUICharts in Frameworks */,
				84BD5E6528A9FE7600517001 /* SwiftUIFontIcon in Frameworks */,
				84BD5E7028AA33F100517001 /* OrderedCollections in Frameworks */,
			);
			runOnlyForDeploymentPostprocessing = 0;
		};
		84BD5E3B28A9ED1600517001 /* Frameworks */ = {
			isa = PBXFrameworksBuildPhase;
			buildActionMask = 2147483647;
			files = (
			);
			runOnlyForDeploymentPostprocessing = 0;
		};
		84BD5E4528A9ED1600517001 /* Frameworks */ = {
			isa = PBXFrameworksBuildPhase;
			buildActionMask = 2147483647;
			files = (
			);
			runOnlyForDeploymentPostprocessing = 0;
		};
/* End PBXFrameworksBuildPhase section */

/* Begin PBXGroup section */
		84BD5E2528A9ED1500517001 = {
			isa = PBXGroup;
			children = (
				84BD5E3028A9ED1500517001 /* Expense Tracker */,
				84BD5E4128A9ED1600517001 /* Expense TrackerTests */,
				84BD5E4B28A9ED1600517001 /* Expense TrackerUITests */,
				84BD5E2F28A9ED1500517001 /* Products */,
			);
			sourceTree = "<group>";
		};
		84BD5E2F28A9ED1500517001 /* Products */ = {
			isa = PBXGroup;
			children = (
				84BD5E2E28A9ED1500517001 /* Expense Tracker.app */,
				84BD5E3E28A9ED1600517001 /* Expense TrackerTests.xctest */,
				84BD5E4828A9ED1600517001 /* Expense TrackerUITests.xctest */,
			);
			name = Products;
			sourceTree = "<group>";
		};
		84BD5E3028A9ED1500517001 /* Expense Tracker */ = {
			isa = PBXGroup;
			children = (
				84BD5E3128A9ED1500517001 /* Expense_TrackerApp.swift */,
				84BD5E3328A9ED1500517001 /* ContentView.swift */,
				84BD5E6828AA038800517001 /* RecentTransactionList .swift */,
				84BD5E5D28A9F19900517001 /* TransactionModel.swift */,
				84BD5E6A28AA2F0600517001 /* TransactionList.swift */,
				84BD5E6128A9F4D400517001 /* TransactionRow.swift */,
				84BD5E6628A9FF1E00517001 /* TransactionListViewModel.swift */,
				84BD5E5B28A9EF0E00517001 /* Extension.swift */,
				84BD5E3528A9ED1600517001 /* Assets.xcassets */,
				84BD5E3728A9ED1600517001 /* Preview Content */,
			);
			path = "Expense Tracker";
			sourceTree = "<group>";
		};
		84BD5E3728A9ED1600517001 /* Preview Content */ = {
			isa = PBXGroup;
			children = (
				84BD5E3828A9ED1600517001 /* Preview Assets.xcassets */,
				84BD5E5F28A9F36700517001 /* PreviewData.swift */,
			);
			path = "Preview Content";
			sourceTree = "<group>";
		};
		84BD5E4128A9ED1600517001 /* Expense TrackerTests */ = {
			isa = PBXGroup;
			children = (
				84BD5E4228A9ED1600517001 /* Expense_TrackerTests.swift */,
			);
			path = "Expense TrackerTests";
			sourceTree = "<group>";
		};
		84BD5E4B28A9ED1600517001 /* Expense TrackerUITests */ = {
			isa = PBXGroup;
			children = (
				84BD5E4C28A9ED1600517001 /* Expense_TrackerUITests.swift */,
				84BD5E4E28A9ED1600517001 /* Expense_TrackerUITestsLaunchTests.swift */,
			);
			path = "Expense TrackerUITests";
			sourceTree = "<group>";
		};
/* End PBXGroup section */

/* Begin PBXNativeTarget section */
		84BD5E2D28A9ED1500517001 /* Expense Tracker */ = {
			isa = PBXNativeTarget;
			buildConfigurationList = 84BD5E5228A9ED1600517001 /* Build configuration list for PBXNativeTarget "Expense Tracker" */;
			buildPhases = (
				84BD5E2A28A9ED1500517001 /* Sources */,
				84BD5E2B28A9ED1500517001 /* Frameworks */,
				84BD5E2C28A9ED1500517001 /* Resources */,
			);
			buildRules = (
			);
			dependencies = (
			);
			name = "Expense Tracker";
			packageProductDependencies = (
				84BD5E6428A9FE7600517001 /* SwiftUIFontIcon */,
				84BD5E6D28AA33F100517001 /* Collections */,
				84BD5E6F28AA33F100517001 /* OrderedCollections */,
				84BD5E7228AA377900517001 /* SwiftUICharts */,
			);
			productName = "Expense Tracker";
			productReference = 84BD5E2E28A9ED1500517001 /* Expense Tracker.app */;
			productType = "com.apple.product-type.application";
		};
		84BD5E3D28A9ED1600517001 /* Expense TrackerTests */ = {
			isa = PBXNativeTarget;
			buildConfigurationList = 84BD5E5528A9ED1600517001 /* Build configuration list for PBXNativeTarget "Expense TrackerTests" */;
			buildPhases = (
				84BD5E3A28A9ED1600517001 /* Sources */,
				84BD5E3B28A9ED1600517001 /* Frameworks */,
				84BD5E3C28A9ED1600517001 /* Resources */,
			);
			buildRules = (
			);
			dependencies = (
				84BD5E4028A9ED1600517001 /* PBXTargetDependency */,
			);
			name = "Expense TrackerTests";
			productName = "Expense TrackerTests";
			productReference = 84BD5E3E28A9ED1600517001 /* Expense TrackerTests.xctest */;
			productType = "com.apple.product-type.bundle.unit-test";
		};
		84BD5E4728A9ED1600517001 /* Expense TrackerUITests */ = {
			isa = PBXNativeTarget;
			buildConfigurationList = 84BD5E5828A9ED1600517001 /* Build configuration list for PBXNativeTarget "Expense TrackerUITests" */;
			buildPhases = (
				84BD5E4428A9ED1600517001 /* Sources */,
				84BD5E4528A9ED1600517001 /* Frameworks */,
				84BD5E4628A9ED1600517001 /* Resources */,
			);
			buildRules = (
			);
			dependencies = (
				84BD5E4A28A9ED1600517001 /* PBXTargetDependency */,
			);
			name = "Expense TrackerUITests";
			productName = "Expense TrackerUITests";
			productReference = 84BD5E4828A9ED1600517001 /* Expense TrackerUITests.xctest */;
			productType = "com.apple.product-type.bundle.ui-testing";
		};
/* End PBXNativeTarget section */

/* Begin PBXProject section */
		84BD5E2628A9ED1500517001 /* Project object */ = {
			isa = PBXProject;
			attributes = {
				BuildIndependentTargetsInParallel = 1;
				LastSwiftUpdateCheck = 1340;
				LastUpgradeCheck = 1340;
				TargetAttributes = {
					84BD5E2D28A9ED1500517001 = {
						CreatedOnToolsVersion = 13.4;
					};
					84BD5E3D28A9ED1600517001 = {
						CreatedOnToolsVersion = 13.4;
						TestTargetID = 84BD5E2D28A9ED1500517001;
					};
					84BD5E4728A9ED1600517001 = {
						CreatedOnToolsVersion = 13.4;
						TestTargetID = 84BD5E2D28A9ED1500517001;
					};
				};
			};
			buildConfigurationList = 84BD5E2928A9ED1500517001 /* Build configuration list for PBXProject "Expense Tracker" */;
			compatibilityVersion = "Xcode 13.0";
			developmentRegion = en;
			hasScannedForEncodings = 0;
			knownRegions = (
				en,
				Base,
			);
			mainGroup = 84BD5E2528A9ED1500517001;
			packageReferences = (
				84BD5E6328A9FE7600517001 /* XCRemoteSwiftPackageReference "SwiftUIFontIcon" */,
				84BD5E6C28AA33F100517001 /* XCRemoteSwiftPackageReference "swift-collections" */,
				84BD5E7128AA377900517001 /* XCRemoteSwiftPackageReference "ChartView" */,
			);
			productRefGroup = 84BD5E2F28A9ED1500517001 /* Products */;
			projectDirPath = "";
			projectRoot = "";
			targets = (
				84BD5E2D28A9ED1500517001 /* Expense Tracker */,
				84BD5E3D28A9ED1600517001 /* Expense TrackerTests */,
				84BD5E4728A9ED1600517001 /* Expense TrackerUITests */,
			);
		};
/* End PBXProject section */

/* Begin PBXResourcesBuildPhase section */
		84BD5E2C28A9ED1500517001 /* Resources */ = {
			isa = PBXResourcesBuildPhase;
			buildActionMask = 2147483647;
			files = (
				84BD5E3928A9ED1600517001 /* Preview Assets.xcassets in Resources */,
				84BD5E3628A9ED1600517001 /* Assets.xcassets in Resources */,
			);
			runOnlyForDeploymentPostprocessing = 0;
		};
		84BD5E3C28A9ED1600517001 /* Resources */ = {
			isa = PBXResourcesBuildPhase;
			buildActionMask = 2147483647;
			files = (
			);
			runOnlyForDeploymentPostprocessing = 0;
		};
		84BD5E4628A9ED1600517001 /* Resources */ = {
			isa = PBXResourcesBuildPhase;
			buildActionMask = 2147483647;
			files = (
			);
			runOnlyForDeploymentPostprocessing = 0;
		};
/* End PBXResourcesBuildPhase section */

/* Begin PBXSourcesBuildPhase section */
		84BD5E2A28A9ED1500517001 /* Sources */ = {
			isa = PBXSourcesBuildPhase;
			buildActionMask = 2147483647;
			files = (
				84BD5E6028A9F36700517001 /* PreviewData.swift in Sources */,
				84BD5E6B28AA2F0600517001 /* TransactionList.swift in Sources */,
				84BD5E5E28A9F19900517001 /* TransactionModel.swift in Sources */,
				84BD5E6928AA038800517001 /* RecentTransactionList .swift in Sources */,
				84BD5E5C28A9EF0E00517001 /* Extension.swift in Sources */,
				84BD5E6228A9F4D400517001 /* TransactionRow.swift in Sources */,
				84BD5E3428A9ED1500517001 /* ContentView.swift in Sources */,
				84BD5E6728A9FF1E00517001 /* TransactionListViewModel.swift in Sources */,
				84BD5E3228A9ED1500517001 /* Expense_TrackerApp.swift in Sources */,
			);
			runOnlyForDeploymentPostprocessing = 0;
		};
		84BD5E3A28A9ED1600517001 /* Sources */ = {
			isa = PBXSourcesBuildPhase;
			buildActionMask = 2147483647;
			files = (
				84BD5E4328A9ED1600517001 /* Expense_TrackerTests.swift in Sources */,
			);
			runOnlyForDeploymentPostprocessing = 0;
		};
		84BD5E4428A9ED1600517001 /* Sources */ = {
			isa = PBXSourcesBuildPhase;
			buildActionMask = 2147483647;
			files = (
				84BD5E4F28A9ED1600517001 /* Expense_TrackerUITestsLaunchTests.swift in Sources */,
				84BD5E4D28A9ED1600517001 /* Expense_TrackerUITests.swift in Sources */,
			);
			runOnlyForDeploymentPostprocessing = 0;
		};
/* End PBXSourcesBuildPhase section */

/* Begin PBXTargetDependency section */
		84BD5E4028A9ED1600517001 /* PBXTargetDependency */ = {
			isa = PBXTargetDependency;
			target = 84BD5E2D28A9ED1500517001 /* Expense Tracker */;
			targetProxy = 84BD5E3F28A9ED1600517001 /* PBXContainerItemProxy */;
		};
		84BD5E4A28A9ED1600517001 /* PBXTargetDependency */ = {
			isa = PBXTargetDependency;
			target = 84BD5E2D28A9ED1500517001 /* Expense Tracker */;
			targetProxy = 84BD5E4928A9ED1600517001 /* PBXContainerItemProxy */;
		};
/* End PBXTargetDependency section */

/* Begin XCBuildConfiguration section */
		84BD5E5028A9ED1600517001 /* Debug */ = {
			isa = XCBuildConfiguration;
			buildSettings = {
				ALWAYS_SEARCH_USER_PATHS = NO;
				CLANG_ANALYZER_NONNULL = YES;
				CLANG_ANALYZER_NUMBER_OBJECT_CONVERSION = YES_AGGRESSIVE;
				CLANG_CXX_LANGUAGE_STANDARD = "gnu++17";
				CLANG_ENABLE_MODULES = YES;
				CLANG_ENABLE_OBJC_ARC = YES;
				CLANG_ENABLE_OBJC_WEAK = YES;
				CLANG_WARN_BLOCK_CAPTURE_AUTORELEASING = YES;
				CLANG_WARN_BOOL_CONVERSION = YES;
				CLANG_WARN_COMMA = YES;
				CLANG_WARN_CONSTANT_CONVERSION = YES;
				CLANG_WARN_DEPRECATED_OBJC_IMPLEMENTATIONS = YES;
				CLANG_WARN_DIRECT_OBJC_ISA_USAGE = YES_ERROR;
				CLANG_WARN_DOCUMENTATION_COMMENTS = YES;
				CLANG_WARN_EMPTY_BODY = YES;
				CLANG_WARN_ENUM_CONVERSION = YES;
				CLANG_WARN_INFINITE_RECURSION = YES;
				CLANG_WARN_INT_CONVERSION = YES;
				CLANG_WARN_NON_LITERAL_NULL_CONVERSION = YES;
				CLANG_WARN_OBJC_IMPLICIT_RETAIN_SELF = YES;
				CLANG_WARN_OBJC_LITERAL_CONVERSION = YES;
				CLANG_WARN_OBJC_ROOT_CLASS = YES_ERROR;
				CLANG_WARN_QUOTED_INCLUDE_IN_FRAMEWORK_HEADER = YES;
				CLANG_WARN_RANGE_LOOP_ANALYSIS = YES;
				CLANG_WARN_STRICT_PROTOTYPES = YES;
				CLANG_WARN_SUSPICIOUS_MOVE = YES;
				CLANG_WARN_UNGUARDED_AVAILABILITY = YES_AGGRESSIVE;
				CLANG_WARN_UNREACHABLE_CODE = YES;
				CLANG_WARN__DUPLICATE_METHOD_MATCH = YES;
				COPY_PHASE_STRIP = NO;
				DEBUG_INFORMATION_FORMAT = dwarf;
				ENABLE_STRICT_OBJC_MSGSEND = YES;
				ENABLE_TESTABILITY = YES;
				GCC_C_LANGUAGE_STANDARD = gnu11;
				GCC_DYNAMIC_NO_PIC = NO;
				GCC_NO_COMMON_BLOCKS = YES;
				GCC_OPTIMIZATION_LEVEL = 0;
				GCC_PREPROCESSOR_DEFINITIONS = (
					"DEBUG=1",
					"$(inherited)",
				);
				GCC_WARN_64_TO_32_BIT_CONVERSION = YES;
				GCC_WARN_ABOUT_RETURN_TYPE = YES_ERROR;
				GCC_WARN_UNDECLARED_SELECTOR = YES;
				GCC_WARN_UNINITIALIZED_AUTOS = YES_AGGRESSIVE;
				GCC_WARN_UNUSED_FUNCTION = YES;
				GCC_WARN_UNUSED_VARIABLE = YES;
				IPHONEOS_DEPLOYMENT_TARGET = 15.5;
				MTL_ENABLE_DEBUG_INFO = INCLUDE_SOURCE;
				MTL_FAST_MATH = YES;
				ONLY_ACTIVE_ARCH = YES;
				SDKROOT = iphoneos;
				SWIFT_ACTIVE_COMPILATION_CONDITIONS = DEBUG;
				SWIFT_OPTIMIZATION_LEVEL = "-Onone";
			};
			name = Debug;
		};
		84BD5E5128A9ED1600517001 /* Release */ = {
			isa = XCBuildConfiguration;
			buildSettings = {
				ALWAYS_SEARCH_USER_PATHS = NO;
				CLANG_ANALYZER_NONNULL = YES;
				CLANG_ANALYZER_NUMBER_OBJECT_CONVERSION = YES_AGGRESSIVE;
				CLANG_CXX_LANGUAGE_STANDARD = "gnu++17";
				CLANG_ENABLE_MODULES = YES;
				CLANG_ENABLE_OBJC_ARC = YES;
				CLANG_ENABLE_OBJC_WEAK = YES;
				CLANG_WARN_BLOCK_CAPTURE_AUTORELEASING = YES;
				CLANG_WARN_BOOL_CONVERSION = YES;
				CLANG_WARN_COMMA = YES;
				CLANG_WARN_CONSTANT_CONVERSION = YES;
				CLANG_WARN_DEPRECATED_OBJC_IMPLEMENTATIONS = YES;
				CLANG_WARN_DIRECT_OBJC_ISA_USAGE = YES_ERROR;
				CLANG_WARN_DOCUMENTATION_COMMENTS = YES;
				CLANG_WARN_EMPTY_BODY = YES;
				CLANG_WARN_ENUM_CONVERSION = YES;
				CLANG_WARN_INFINITE_RECURSION = YES;
				CLANG_WARN_INT_CONVERSION = YES;
				CLANG_WARN_NON_LITERAL_NULL_CONVERSION = YES;
				CLANG_WARN_OBJC_IMPLICIT_RETAIN_SELF = YES;
				CLANG_WARN_OBJC_LITERAL_CONVERSION = YES;
				CLANG_WARN_OBJC_ROOT_CLASS = YES_ERROR;
				CLANG_WARN_QUOTED_INCLUDE_IN_FRAMEWORK_HEADER = YES;
				CLANG_WARN_RANGE_LOOP_ANALYSIS = YES;
				CLANG_WARN_STRICT_PROTOTYPES = YES;
				CLANG_WARN_SUSPICIOUS_MOVE = YES;
				CLANG_WARN_UNGUARDED_AVAILABILITY = YES_AGGRESSIVE;
				CLANG_WARN_UNREACHABLE_CODE = YES;
				CLANG_WARN__DUPLICATE_METHOD_MATCH = YES;
				COPY_PHASE_STRIP = NO;
				DEBUG_INFORMATION_FORMAT = "dwarf-with-dsym";
				ENABLE_NS_ASSERTIONS = NO;
				ENABLE_STRICT_OBJC_MSGSEND = YES;
				GCC_C_LANGUAGE_STANDARD = gnu11;
				GCC_NO_COMMON_BLOCKS = YES;
				GCC_WARN_64_TO_32_BIT_CONVERSION = YES;
				GCC_WARN_ABOUT_RETURN_TYPE = YES_ERROR;
				GCC_WARN_UNDECLARED_SELECTOR = YES;
				GCC_WARN_UNINITIALIZED_AUTOS = YES_AGGRESSIVE;
				GCC_WARN_UNUSED_FUNCTION = YES;
				GCC_WARN_UNUSED_VARIABLE = YES;
				IPHONEOS_DEPLOYMENT_TARGET = 15.5;
				MTL_ENABLE_DEBUG_INFO = NO;
				MTL_FAST_MATH = YES;
				SDKROOT = iphoneos;
				SWIFT_COMPILATION_MODE = wholemodule;
				SWIFT_OPTIMIZATION_LEVEL = "-O";
				VALIDATE_PRODUCT = YES;
			};
			name = Release;
		};
		84BD5E5328A9ED1600517001 /* Debug */ = {
			isa = XCBuildConfiguration;
			buildSettings = {
				ASSETCATALOG_COMPILER_APPICON_NAME = AppIcon;
				ASSETCATALOG_COMPILER_GLOBAL_ACCENT_COLOR_NAME = AccentColor;
				CODE_SIGN_STYLE = Automatic;
				CURRENT_PROJECT_VERSION = 1;
				DEVELOPMENT_ASSET_PATHS = "\"Expense Tracker/Preview Content\"";
				ENABLE_PREVIEWS = YES;
				GENERATE_INFOPLIST_FILE = YES;
				INFOPLIST_KEY_UIApplicationSceneManifest_Generation = YES;
				INFOPLIST_KEY_UIApplicationSupportsIndirectInputEvents = YES;
				INFOPLIST_KEY_UILaunchScreen_Generation = YES;
				INFOPLIST_KEY_UISupportedInterfaceOrientations_iPad = "UIInterfaceOrientationPortrait UIInterfaceOrientationPortraitUpsideDown UIInterfaceOrientationLandscapeLeft UIInterfaceOrientationLandscapeRight";
				INFOPLIST_KEY_UISupportedInterfaceOrientations_iPhone = "UIInterfaceOrientationPortrait UIInterfaceOrientationLandscapeLeft UIInterfaceOrientationLandscapeRight";
				LD_RUNPATH_SEARCH_PATHS = (
					"$(inherited)",
					"@executable_path/Frameworks",
				);
				MARKETING_VERSION = 1.0;
				PRODUCT_BUNDLE_IDENTIFIER = "com.proj.expense.Expense-Tracker";
				PRODUCT_NAME = "$(TARGET_NAME)";
				SWIFT_EMIT_LOC_STRINGS = YES;
				SWIFT_VERSION = 5.0;
				TARGETED_DEVICE_FAMILY = "1,2";
			};
			name = Debug;
		};
		84BD5E5428A9ED1600517001 /* Release */ = {
			isa = XCBuildConfiguration;
			buildSettings = {
				ASSETCATALOG_COMPILER_APPICON_NAME = AppIcon;
				ASSETCATALOG_COMPILER_GLOBAL_ACCENT_COLOR_NAME = AccentColor;
				CODE_SIGN_STYLE = Automatic;
				CURRENT_PROJECT_VERSION = 1;
				DEVELOPMENT_ASSET_PATHS = "\"Expense Tracker/Preview Content\"";
				ENABLE_PREVIEWS = YES;
				GENERATE_INFOPLIST_FILE = YES;
				INFOPLIST_KEY_UIApplicationSceneManifest_Generation = YES;
				INFOPLIST_KEY_UIApplicationSupportsIndirectInputEvents = YES;
				INFOPLIST_KEY_UILaunchScreen_Generation = YES;
				INFOPLIST_KEY_UISupportedInterfaceOrientations_iPad = "UIInterfaceOrientationPortrait UIInterfaceOrientationPortraitUpsideDown UIInterfaceOrientationLandscapeLeft UIInterfaceOrientationLandscapeRight";
				INFOPLIST_KEY_UISupportedInterfaceOrientations_iPhone = "UIInterfaceOrientationPortrait UIInterfaceOrientationLandscapeLeft UIInterfaceOrientationLandscapeRight";
				LD_RUNPATH_SEARCH_PATHS = (
					"$(inherited)",
					"@executable_path/Frameworks",
				);
				MARKETING_VERSION = 1.0;
				PRODUCT_BUNDLE_IDENTIFIER = "com.proj.expense.Expense-Tracker";
				PRODUCT_NAME = "$(TARGET_NAME)";
				SWIFT_EMIT_LOC_STRINGS = YES;
				SWIFT_VERSION = 5.0;
				TARGETED_DEVICE_FAMILY = "1,2";
			};
			name = Release;
		};
		84BD5E5628A9ED1600517001 /* Debug */ = {
			isa = XCBuildConfiguration;
			buildSettings = {
				ALWAYS_EMBED_SWIFT_STANDARD_LIBRARIES = YES;
				BUNDLE_LOADER = "$(TEST_HOST)";
				CODE_SIGN_STYLE = Automatic;
				CURRENT_PROJECT_VERSION = 1;
				GENERATE_INFOPLIST_FILE = YES;
				IPHONEOS_DEPLOYMENT_TARGET = 15.5;
				MARKETING_VERSION = 1.0;
				PRODUCT_BUNDLE_IDENTIFIER = "com.proj.expense.Expense-TrackerTests";
				PRODUCT_NAME = "$(TARGET_NAME)";
				SWIFT_EMIT_LOC_STRINGS = NO;
				SWIFT_VERSION = 5.0;
				TARGETED_DEVICE_FAMILY = "1,2";
				TEST_HOST = "$(BUILT_PRODUCTS_DIR)/Expense Tracker.app/Expense Tracker";
			};
			name = Debug;
		};
		84BD5E5728A9ED1600517001 /* Release */ = {
			isa = XCBuildConfiguration;
			buildSettings = {
				ALWAYS_EMBED_SWIFT_STANDARD_LIBRARIES = YES;
				BUNDLE_LOADER = "$(TEST_HOST)";
				CODE_SIGN_STYLE = Automatic;
				CURRENT_PROJECT_VERSION = 1;
				GENERATE_INFOPLIST_FILE = YES;
				IPHONEOS_DEPLOYMENT_TARGET = 15.5;
				MARKETING_VERSION = 1.0;
				PRODUCT_BUNDLE_IDENTIFIER = "com.proj.expense.Expense-TrackerTests";
				PRODUCT_NAME = "$(TARGET_NAME)";
				SWIFT_EMIT_LOC_STRINGS = NO;
				SWIFT_VERSION = 5.0;
				TARGETED_DEVICE_FAMILY = "1,2";
				TEST_HOST = "$(BUILT_PRODUCTS_DIR)/Expense Tracker.app/Expense Tracker";
			};
			name = Release;
		};
		84BD5E5928A9ED1600517001 /* Debug */ = {
			isa = XCBuildConfiguration;
			buildSettings = {
				ALWAYS_EMBED_SWIFT_STANDARD_LIBRARIES = YES;
				CODE_SIGN_STYLE = Automatic;
				CURRENT_PROJECT_VERSION = 1;
				GENERATE_INFOPLIST_FILE = YES;
				MARKETING_VERSION = 1.0;
				PRODUCT_BUNDLE_IDENTIFIER = "com.proj.expense.Expense-TrackerUITests";
				PRODUCT_NAME = "$(TARGET_NAME)";
				SWIFT_EMIT_LOC_STRINGS = NO;
				SWIFT_VERSION = 5.0;
				TARGETED_DEVICE_FAMILY = "1,2";
				TEST_TARGET_NAME = "Expense Tracker";
			};
			name = Debug;
		};
		84BD5E5A28A9ED1600517001 /* Release */ = {
			isa = XCBuildConfiguration;
			buildSettings = {
				ALWAYS_EMBED_SWIFT_STANDARD_LIBRARIES = YES;
				CODE_SIGN_STYLE = Automatic;
				CURRENT_PROJECT_VERSION = 1;
				GENERATE_INFOPLIST_FILE = YES;
				MARKETING_VERSION = 1.0;
				PRODUCT_BUNDLE_IDENTIFIER = "com.proj.expense.Expense-TrackerUITests";
				PRODUCT_NAME = "$(TARGET_NAME)";
				SWIFT_EMIT_LOC_STRINGS = NO;
				SWIFT_VERSION = 5.0;
				TARGETED_DEVICE_FAMILY = "1,2";
				TEST_TARGET_NAME = "Expense Tracker";
			};
			name = Release;
		};
/* End XCBuildConfiguration section */

/* Begin XCConfigurationList section */
		84BD5E2928A9ED1500517001 /* Build configuration list for PBXProject "Expense Tracker" */ = {
			isa = XCConfigurationList;
			buildConfigurations = (
				84BD5E5028A9ED1600517001 /* Debug */,
				84BD5E5128A9ED1600517001 /* Release */,
			);
			defaultConfigurationIsVisible = 0;
			defaultConfigurationName = Release;
		};
		84BD5E5228A9ED1600517001 /* Build configuration list for PBXNativeTarget "Expense Tracker" */ = {
			isa = XCConfigurationList;
			buildConfigurations = (
				84BD5E5328A9ED1600517001 /* Debug */,
				84BD5E5428A9ED1600517001 /* Release */,
			);
			defaultConfigurationIsVisible = 0;
			defaultConfigurationName = Release;
		};
		84BD5E5528A9ED1600517001 /* Build configuration list for PBXNativeTarget "Expense TrackerTests" */ = {
			isa = XCConfigurationList;
			buildConfigurations = (
				84BD5E5628A9ED1600517001 /* Debug */,
				84BD5E5728A9ED1600517001 /* Release */,
			);
			defaultConfigurationIsVisible = 0;
			defaultConfigurationName = Release;
		};
		84BD5E5828A9ED1600517001 /* Build configuration list for PBXNativeTarget "Expense TrackerUITests" */ = {
			isa = XCConfigurationList;
			buildConfigurations = (
				84BD5E5928A9ED1600517001 /* Debug */,
				84BD5E5A28A9ED1600517001 /* Release */,
			);
			defaultConfigurationIsVisible = 0;
			defaultConfigurationName = Release;
		};
/* End XCConfigurationList section */

/* Begin XCRemoteSwiftPackageReference section */
		84BD5E6328A9FE7600517001 /* XCRemoteSwiftPackageReference "SwiftUIFontIcon" */ = {
			isa = XCRemoteSwiftPackageReference;
			repositoryURL = "https://github.com/huybuidac/SwiftUIFontIcon";
			requirement = {
				kind = upToNextMajorVersion;
				minimumVersion = 2.0.0;
			};
		};
		84BD5E6C28AA33F100517001 /* XCRemoteSwiftPackageReference "swift-collections" */ = {
			isa = XCRemoteSwiftPackageReference;
			repositoryURL = "https://github.com/apple/swift-collections.git";
			requirement = {
				kind = upToNextMajorVersion;
				minimumVersion = 1.0.0;
			};
		};
		84BD5E7128AA377900517001 /* XCRemoteSwiftPackageReference "ChartView" */ = {
			isa = XCRemoteSwiftPackageReference;
			repositoryURL = "https://github.com/AppPear/ChartView";
			requirement = {
				kind = upToNextMajorVersion;
				minimumVersion = 1.0.0;
			};
		};
/* End XCRemoteSwiftPackageReference section */

/* Begin XCSwiftPackageProductDependency section */
		84BD5E6428A9FE7600517001 /* SwiftUIFontIcon */ = {
			isa = XCSwiftPackageProductDependency;
			package = 84BD5E6328A9FE7600517001 /* XCRemoteSwiftPackageReference "SwiftUIFontIcon" */;
			productName = SwiftUIFontIcon;
		};
		84BD5E6D28AA33F100517001 /* Collections */ = {
			isa = XCSwiftPackageProductDependency;
			package = 84BD5E6C28AA33F100517001 /* XCRemoteSwiftPackageReference "swift-collections" */;
			productName = Collections;
		};
		84BD5E6F28AA33F100517001 /* OrderedCollections */ = {
			isa = XCSwiftPackageProductDependency;
			package = 84BD5E6C28AA33F100517001 /* XCRemoteSwiftPackageReference "swift-collections" */;
			productName = OrderedCollections;
		};
		84BD5E7228AA377900517001 /* SwiftUICharts */ = {
			isa = XCSwiftPackageProductDependency;
			package = 84BD5E7128AA377900517001 /* XCRemoteSwiftPackageReference "ChartView" */;
			productName = SwiftUICharts;
		};
/* End XCSwiftPackageProductDependency section */
	};
	rootObject = 84BD5E2628A9ED1500517001 /* Project object */;
}
